// !$*UTF8*$!
{
	archiveVersion = 1;
	classes = {
	};
	objectVersion = 56;
	objects = {

/* Begin PBXBuildFile section */
		5709DFF32BB13E9200553A23 /* AppDelegate.swift in Sources */ = {isa = PBXBuildFile; fileRef = 5709DFF22BB13E9200553A23 /* AppDelegate.swift */; };
		5709DFF52BB13E9200553A23 /* SceneDelegate.swift in Sources */ = {isa = PBXBuildFile; fileRef = 5709DFF42BB13E9200553A23 /* SceneDelegate.swift */; };
		5709DFF72BB13E9200553A23 /* ViewController.swift in Sources */ = {isa = PBXBuildFile; fileRef = 5709DFF62BB13E9200553A23 /* ViewController.swift */; };
		5709DFFA2BB13E9200553A23 /* Base in Resources */ = {isa = PBXBuildFile; fileRef = 5709DFF92BB13E9200553A23 /* Base */; };
		5709DFFC2BB13E9300553A23 /* Assets.xcassets in Resources */ = {isa = PBXBuildFile; fileRef = 5709DFFB2BB13E9300553A23 /* Assets.xcassets */; };
		5709DFFF2BB13E9300553A23 /* Base in Resources */ = {isa = PBXBuildFile; fileRef = 5709DFFE2BB13E9300553A23 /* Base */; };
		570FC2022BF62C3100F03378 /* SearchNaviBar.png in Resources */ = {isa = PBXBuildFile; fileRef = 570FC2012BF62C3100F03378 /* SearchNaviBar.png */; };
		570FC2042BF6D4AC00F03378 /* search-icon.png in Resources */ = {isa = PBXBuildFile; fileRef = 570FC2032BF6D4AC00F03378 /* search-icon.png */; };
		570FC2092BF710E200F03378 /* DestinationCell.swift in Sources */ = {isa = PBXBuildFile; fileRef = 570FC2082BF710E200F03378 /* DestinationCell.swift */; };
		570FC20B2BFB115500F03378 /* SelectDestinationVC.swift in Sources */ = {isa = PBXBuildFile; fileRef = 570FC20A2BFB115500F03378 /* SelectDestinationVC.swift */; };
		570FC20D2BFC913F00F03378 /* LoginVC.swift in Sources */ = {isa = PBXBuildFile; fileRef = 570FC20C2BFC913F00F03378 /* LoginVC.swift */; };
		5714A1F52BFDC82A00EBCD35 /* backButton.png in Resources */ = {isa = PBXBuildFile; fileRef = 5714A1F42BFDC82A00EBCD35 /* backButton.png */; };
		5714A1FB2BFDCFEC00EBCD35 /* AppleSDGothicNeoL.ttf in Resources */ = {isa = PBXBuildFile; fileRef = 5714A1F72BFDCFEC00EBCD35 /* AppleSDGothicNeoL.ttf */; };
		5714A1FC2BFDCFEC00EBCD35 /* AppleSDGothicNeoH.ttf in Resources */ = {isa = PBXBuildFile; fileRef = 5714A1F82BFDCFEC00EBCD35 /* AppleSDGothicNeoH.ttf */; };
		5714A1FD2BFDCFEC00EBCD35 /* AppleSDGothicNeoEB.ttf in Resources */ = {isa = PBXBuildFile; fileRef = 5714A1F92BFDCFEC00EBCD35 /* AppleSDGothicNeoEB.ttf */; };
		5714A1FE2BFDCFEC00EBCD35 /* AppleSDGothicNeoB.ttf in Resources */ = {isa = PBXBuildFile; fileRef = 5714A1FA2BFDCFEC00EBCD35 /* AppleSDGothicNeoB.ttf */; };
		5714A2002BFDD10900EBCD35 /* AppleSDGothicNeoM.ttf in Resources */ = {isa = PBXBuildFile; fileRef = 5714A1FF2BFDD10900EBCD35 /* AppleSDGothicNeoM.ttf */; };
		57253F762C057FEC00FE2CCA /* TTSModelModule.swift in Sources */ = {isa = PBXBuildFile; fileRef = 57253F752C057FEC00FE2CCA /* TTSModelModule.swift */; };
		57253F782C06CA8600FE2CCA /* direction.png in Resources */ = {isa = PBXBuildFile; fileRef = 57253F772C06CA8600FE2CCA /* direction.png */; };
		57253F7A2C06CAD100FE2CCA /* backBtn.png in Resources */ = {isa = PBXBuildFile; fileRef = 57253F792C06CAD100FE2CCA /* backBtn.png */; };
		57253F7C2C06CB4500FE2CCA /* direction2.png in Resources */ = {isa = PBXBuildFile; fileRef = 57253F7B2C06CB4500FE2CCA /* direction2.png */; };
		5739DF7E2C0D4B8200AB4ED3 /* ObjectIcon.png in Resources */ = {isa = PBXBuildFile; fileRef = 5739DF7C2C0D4B8200AB4ED3 /* ObjectIcon.png */; };
		5739DF7F2C0D4B8200AB4ED3 /* naviIcon.png in Resources */ = {isa = PBXBuildFile; fileRef = 5739DF7D2C0D4B8200AB4ED3 /* naviIcon.png */; };
		573D506A2C06CCC5007A42B8 /* ArrivalDestinationVC.swift in Sources */ = {isa = PBXBuildFile; fileRef = 573D50692C06CCC5007A42B8 /* ArrivalDestinationVC.swift */; };
		573D506C2C070A7F007A42B8 /* PopUpStopNavi.swift in Sources */ = {isa = PBXBuildFile; fileRef = 573D506B2C070A7F007A42B8 /* PopUpStopNavi.swift */; };
		573D506E2C078D01007A42B8 /* ObjectDetectionVC.swift in Sources */ = {isa = PBXBuildFile; fileRef = 573D506D2C078D01007A42B8 /* ObjectDetectionVC.swift */; };
		573D50702C079152007A42B8 /* ShowObjectDetectionVC.swift in Sources */ = {isa = PBXBuildFile; fileRef = 573D506F2C079152007A42B8 /* ShowObjectDetectionVC.swift */; };
		573D50722C079164007A42B8 /* ShowNavigationVC.swift in Sources */ = {isa = PBXBuildFile; fileRef = 573D50712C079164007A42B8 /* ShowNavigationVC.swift */; };
		573D50742C087735007A42B8 /* backBtnWhite.png in Resources */ = {isa = PBXBuildFile; fileRef = 573D50732C087735007A42B8 /* backBtnWhite.png */; };
		573D50762C087782007A42B8 /* directionWhite.png in Resources */ = {isa = PBXBuildFile; fileRef = 573D50752C087782007A42B8 /* directionWhite.png */; };
		5744902E2BFF66F2002A30BD /* RegisterVC.swift in Sources */ = {isa = PBXBuildFile; fileRef = 5744902D2BFF66F2002A30BD /* RegisterVC.swift */; };
		574490302BFF6DE3002A30BD /* PopUpInformVC.swift in Sources */ = {isa = PBXBuildFile; fileRef = 5744902F2BFF6DE3002A30BD /* PopUpInformVC.swift */; };
		574490322C0027DA002A30BD /* RegisterCompletedVC.swift in Sources */ = {isa = PBXBuildFile; fileRef = 574490312C0027DA002A30BD /* RegisterCompletedVC.swift */; };
		574490342C004754002A30BD /* ProtectorMainVC.swift in Sources */ = {isa = PBXBuildFile; fileRef = 574490332C004754002A30BD /* ProtectorMainVC.swift */; };
		5744903A2C006832002A30BD /* ProtectedCell.swift in Sources */ = {isa = PBXBuildFile; fileRef = 574490392C006832002A30BD /* ProtectedCell.swift */; };
		5744903C2C00696D002A30BD /* ProtectedModel.swift in Sources */ = {isa = PBXBuildFile; fileRef = 5744903B2C00696D002A30BD /* ProtectedModel.swift */; };
		5744903F2C035EBB002A30BD /* PopUpRelationTextField.swift in Sources */ = {isa = PBXBuildFile; fileRef = 5744903E2C035EBB002A30BD /* PopUpRelationTextField.swift */; };
		5754C41E2C041A17002FE306 /* SearchHistoryCell.swift in Sources */ = {isa = PBXBuildFile; fileRef = 5754C41D2C041A17002FE306 /* SearchHistoryCell.swift */; };
		5788A8BC2BF347230013D6CF /* LocationData.swift in Sources */ = {isa = PBXBuildFile; fileRef = 5788A8BB2BF347230013D6CF /* LocationData.swift */; };
		5788A8BF2BF455550013D6CF /* MainScreenVC.swift in Sources */ = {isa = PBXBuildFile; fileRef = 5788A8BE2BF455550013D6CF /* MainScreenVC.swift */; };
		5788A8C12BF5F19E0013D6CF /* SearchDestinationVC.swift in Sources */ = {isa = PBXBuildFile; fileRef = 5788A8C02BF5F19E0013D6CF /* SearchDestinationVC.swift */; };
		57C76D402C0D4FA0002C9E5D /* startIcon.png in Resources */ = {isa = PBXBuildFile; fileRef = 57C76D3E2C0D4FA0002C9E5D /* startIcon.png */; };
		57C76D412C0D4FA0002C9E5D /* arriveIcon.png in Resources */ = {isa = PBXBuildFile; fileRef = 57C76D3F2C0D4FA0002C9E5D /* arriveIcon.png */; };
		57D2E08A2C0C16EA00AE680E /* customMark.png in Resources */ = {isa = PBXBuildFile; fileRef = 57D2E0892C0C16EA00AE680E /* customMark.png */; };
		57FC784C2BC3BE5700C81CA1 /* SearchDestinationViewController.swift in Sources */ = {isa = PBXBuildFile; fileRef = 57FC784B2BC3BE5700C81CA1 /* SearchDestinationViewController.swift */; };
		57FC784E2BC4F72C00C81CA1 /* NavigationDataModel.swift in Sources */ = {isa = PBXBuildFile; fileRef = 57FC784D2BC4F72C00C81CA1 /* NavigationDataModel.swift */; };
		57FC78502BC7C54C00C81CA1 /* DestinationModel.swift in Sources */ = {isa = PBXBuildFile; fileRef = 57FC784F2BC7C54C00C81CA1 /* DestinationModel.swift */; };
		57FC78522BC7CED500C81CA1 /* MapViewController.swift in Sources */ = {isa = PBXBuildFile; fileRef = 57FC78512BC7CED500C81CA1 /* MapViewController.swift */; };
		B90FFA3D2C0D6A9600BFA271 /* currentMark.png in Resources */ = {isa = PBXBuildFile; fileRef = B90FFA3C2C0D6A9600BFA271 /* currentMark.png */; };
		B92DDC362C076670005820BA /* TMapSDK.framework in Frameworks */ = {isa = PBXBuildFile; fileRef = B92DDC322C076633005820BA /* TMapSDK.framework */; };
		B92DDC372C076670005820BA /* TMapSDK.framework in Embed Frameworks */ = {isa = PBXBuildFile; fileRef = B92DDC322C076633005820BA /* TMapSDK.framework */; settings = {ATTRIBUTES = (CodeSignOnCopy, RemoveHeadersOnCopy, ); }; };
		B944E14E2C0B759C00ECBD4D /* yolov8v2.mlmodel in Sources */ = {isa = PBXBuildFile; fileRef = B944E14D2C0B759C00ECBD4D /* yolov8v2.mlmodel */; };
		B956CA032BCE70AA00188A09 /* WebRTCiOSSDK in Frameworks */ = {isa = PBXBuildFile; productRef = B956CA022BCE70AA00188A09 /* WebRTCiOSSDK */; };
		B956CA072BCEA7C800188A09 /* WebRTCManager.swift in Sources */ = {isa = PBXBuildFile; fileRef = B956CA062BCEA7C800188A09 /* WebRTCManager.swift */; };
		B962DBE52BF4AE1900F86729 /* BoundingBoxView.swift in Sources */ = {isa = PBXBuildFile; fileRef = B962DBE22BF4AE1900F86729 /* BoundingBoxView.swift */; };
		B962DBE62BF4AE1900F86729 /* ThresholdProvider.swift in Sources */ = {isa = PBXBuildFile; fileRef = B962DBE32BF4AE1900F86729 /* ThresholdProvider.swift */; };
		B966D3F52BBE9451004F4E98 /* Alamofire in Frameworks */ = {isa = PBXBuildFile; productRef = B966D3F42BBE9451004F4E98 /* Alamofire */; };
		B97342042C0CA80900A7141B /* yolov8sv3.mlmodel in Sources */ = {isa = PBXBuildFile; fileRef = B97342032C0CA80900A7141B /* yolov8sv3.mlmodel */; };
		B9741B9D2C00CF8400E87A72 /* MiDaS.mlmodel in Sources */ = {isa = PBXBuildFile; fileRef = B9741B9A2C00CF8400E87A72 /* MiDaS.mlmodel */; };
		B9A53B022C09ED8F00C1F155 /* addRelationBtn.png in Resources */ = {isa = PBXBuildFile; fileRef = B9A53B012C09ED8F00C1F155 /* addRelationBtn.png */; };
		B9A5C3192BD6747F00EE1429 /* SignalingMessage.swift in Sources */ = {isa = PBXBuildFile; fileRef = B9A5C3182BD6747F00EE1429 /* SignalingMessage.swift */; };
		B9CFB5EC2BC3C10C00637685 /* CameraSession.swift in Sources */ = {isa = PBXBuildFile; fileRef = B9CFB5EB2BC3C10C00637685 /* CameraSession.swift */; };
		B9D2101E2BCFD12800F61AD2 /* WebRTCClient.swift in Sources */ = {isa = PBXBuildFile; fileRef = B9D2101D2BCFD12800F61AD2 /* WebRTCClient.swift */; };
		B9D210202BCFD87F00F61AD2 /* Config.swift in Sources */ = {isa = PBXBuildFile; fileRef = B9D2101F2BCFD87F00F61AD2 /* Config.swift */; };
/* End PBXBuildFile section */

/* Begin PBXCopyFilesBuildPhase section */
		B92DDC382C076670005820BA /* Embed Frameworks */ = {
			isa = PBXCopyFilesBuildPhase;
			buildActionMask = 2147483647;
			dstPath = "";
			dstSubfolderSpec = 10;
			files = (
				B92DDC372C076670005820BA /* TMapSDK.framework in Embed Frameworks */,
			);
			name = "Embed Frameworks";
			runOnlyForDeploymentPostprocessing = 0;
		};
/* End PBXCopyFilesBuildPhase section */

/* Begin PBXFileReference section */
		5709DFEF2BB13E9200553A23 /* YellowLine.app */ = {isa = PBXFileReference; explicitFileType = wrapper.application; includeInIndex = 0; path = YellowLine.app; sourceTree = BUILT_PRODUCTS_DIR; };
		5709DFF22BB13E9200553A23 /* AppDelegate.swift */ = {isa = PBXFileReference; lastKnownFileType = sourcecode.swift; path = AppDelegate.swift; sourceTree = "<group>"; };
		5709DFF42BB13E9200553A23 /* SceneDelegate.swift */ = {isa = PBXFileReference; lastKnownFileType = sourcecode.swift; path = SceneDelegate.swift; sourceTree = "<group>"; };
		5709DFF62BB13E9200553A23 /* ViewController.swift */ = {isa = PBXFileReference; lastKnownFileType = sourcecode.swift; path = ViewController.swift; sourceTree = "<group>"; };
		5709DFF92BB13E9200553A23 /* Base */ = {isa = PBXFileReference; lastKnownFileType = file.storyboard; name = Base; path = Base.lproj/Main.storyboard; sourceTree = "<group>"; };
		5709DFFB2BB13E9300553A23 /* Assets.xcassets */ = {isa = PBXFileReference; lastKnownFileType = folder.assetcatalog; path = Assets.xcassets; sourceTree = "<group>"; };
		5709DFFE2BB13E9300553A23 /* Base */ = {isa = PBXFileReference; lastKnownFileType = file.storyboard; name = Base; path = Base.lproj/LaunchScreen.storyboard; sourceTree = "<group>"; };
		5709E0002BB13E9300553A23 /* Info.plist */ = {isa = PBXFileReference; lastKnownFileType = text.plist.xml; path = Info.plist; sourceTree = "<group>"; };
		570FC2012BF62C3100F03378 /* SearchNaviBar.png */ = {isa = PBXFileReference; lastKnownFileType = image.png; path = SearchNaviBar.png; sourceTree = "<group>"; };
		570FC2032BF6D4AC00F03378 /* search-icon.png */ = {isa = PBXFileReference; lastKnownFileType = image.png; path = "search-icon.png"; sourceTree = "<group>"; };
		570FC2082BF710E200F03378 /* DestinationCell.swift */ = {isa = PBXFileReference; lastKnownFileType = sourcecode.swift; path = DestinationCell.swift; sourceTree = "<group>"; };
		570FC20A2BFB115500F03378 /* SelectDestinationVC.swift */ = {isa = PBXFileReference; explicitFileType = sourcecode.swift; path = SelectDestinationVC.swift; sourceTree = "<group>"; };
		570FC20C2BFC913F00F03378 /* LoginVC.swift */ = {isa = PBXFileReference; lastKnownFileType = sourcecode.swift; path = LoginVC.swift; sourceTree = "<group>"; };
		5714A1F42BFDC82A00EBCD35 /* backButton.png */ = {isa = PBXFileReference; lastKnownFileType = image.png; path = backButton.png; sourceTree = "<group>"; };
		5714A1F72BFDCFEC00EBCD35 /* AppleSDGothicNeoL.ttf */ = {isa = PBXFileReference; lastKnownFileType = file; path = AppleSDGothicNeoL.ttf; sourceTree = "<group>"; };
		5714A1F82BFDCFEC00EBCD35 /* AppleSDGothicNeoH.ttf */ = {isa = PBXFileReference; lastKnownFileType = file; path = AppleSDGothicNeoH.ttf; sourceTree = "<group>"; };
		5714A1F92BFDCFEC00EBCD35 /* AppleSDGothicNeoEB.ttf */ = {isa = PBXFileReference; lastKnownFileType = file; path = AppleSDGothicNeoEB.ttf; sourceTree = "<group>"; };
		5714A1FA2BFDCFEC00EBCD35 /* AppleSDGothicNeoB.ttf */ = {isa = PBXFileReference; lastKnownFileType = file; path = AppleSDGothicNeoB.ttf; sourceTree = "<group>"; };
		5714A1FF2BFDD10900EBCD35 /* AppleSDGothicNeoM.ttf */ = {isa = PBXFileReference; lastKnownFileType = file; path = AppleSDGothicNeoM.ttf; sourceTree = "<group>"; };
		57253F752C057FEC00FE2CCA /* TTSModelModule.swift */ = {isa = PBXFileReference; lastKnownFileType = sourcecode.swift; path = TTSModelModule.swift; sourceTree = "<group>"; };
		57253F772C06CA8600FE2CCA /* direction.png */ = {isa = PBXFileReference; lastKnownFileType = image.png; path = direction.png; sourceTree = "<group>"; };
		57253F792C06CAD100FE2CCA /* backBtn.png */ = {isa = PBXFileReference; lastKnownFileType = image.png; path = backBtn.png; sourceTree = "<group>"; };
		57253F7B2C06CB4500FE2CCA /* direction2.png */ = {isa = PBXFileReference; lastKnownFileType = image.png; path = direction2.png; sourceTree = "<group>"; };
		5739DF7B2C0CA05A00AB4ED3 /* AppleSDGothicNeoH.ttf */ = {isa = PBXFileReference; lastKnownFileType = file; name = AppleSDGothicNeoH.ttf; path = "../../../../../../../Downloads/Apple 산돌고딕 Neo (3)/AppleSDGothicNeoH.ttf"; sourceTree = "<group>"; };
		5739DF7C2C0D4B8200AB4ED3 /* ObjectIcon.png */ = {isa = PBXFileReference; lastKnownFileType = image.png; path = ObjectIcon.png; sourceTree = "<group>"; };
		5739DF7D2C0D4B8200AB4ED3 /* naviIcon.png */ = {isa = PBXFileReference; lastKnownFileType = image.png; path = naviIcon.png; sourceTree = "<group>"; };
		573D50692C06CCC5007A42B8 /* ArrivalDestinationVC.swift */ = {isa = PBXFileReference; lastKnownFileType = sourcecode.swift; path = ArrivalDestinationVC.swift; sourceTree = "<group>"; };
		573D506B2C070A7F007A42B8 /* PopUpStopNavi.swift */ = {isa = PBXFileReference; lastKnownFileType = sourcecode.swift; path = PopUpStopNavi.swift; sourceTree = "<group>"; };
		573D506D2C078D01007A42B8 /* ObjectDetectionVC.swift */ = {isa = PBXFileReference; lastKnownFileType = sourcecode.swift; path = ObjectDetectionVC.swift; sourceTree = "<group>"; };
		573D506F2C079152007A42B8 /* ShowObjectDetectionVC.swift */ = {isa = PBXFileReference; lastKnownFileType = sourcecode.swift; path = ShowObjectDetectionVC.swift; sourceTree = "<group>"; };
		573D50712C079164007A42B8 /* ShowNavigationVC.swift */ = {isa = PBXFileReference; lastKnownFileType = sourcecode.swift; path = ShowNavigationVC.swift; sourceTree = "<group>"; };
		573D50732C087735007A42B8 /* backBtnWhite.png */ = {isa = PBXFileReference; lastKnownFileType = image.png; path = backBtnWhite.png; sourceTree = "<group>"; };
		573D50752C087782007A42B8 /* directionWhite.png */ = {isa = PBXFileReference; lastKnownFileType = image.png; path = directionWhite.png; sourceTree = "<group>"; };
		5744902D2BFF66F2002A30BD /* RegisterVC.swift */ = {isa = PBXFileReference; lastKnownFileType = sourcecode.swift; path = RegisterVC.swift; sourceTree = "<group>"; };
		5744902F2BFF6DE3002A30BD /* PopUpInformVC.swift */ = {isa = PBXFileReference; lastKnownFileType = sourcecode.swift; path = PopUpInformVC.swift; sourceTree = "<group>"; };
		574490312C0027DA002A30BD /* RegisterCompletedVC.swift */ = {isa = PBXFileReference; lastKnownFileType = sourcecode.swift; path = RegisterCompletedVC.swift; sourceTree = "<group>"; };
		574490332C004754002A30BD /* ProtectorMainVC.swift */ = {isa = PBXFileReference; lastKnownFileType = sourcecode.swift; path = ProtectorMainVC.swift; sourceTree = "<group>"; };
		574490392C006832002A30BD /* ProtectedCell.swift */ = {isa = PBXFileReference; lastKnownFileType = sourcecode.swift; path = ProtectedCell.swift; sourceTree = "<group>"; };
		5744903B2C00696D002A30BD /* ProtectedModel.swift */ = {isa = PBXFileReference; lastKnownFileType = sourcecode.swift; path = ProtectedModel.swift; sourceTree = "<group>"; };
		5744903E2C035EBB002A30BD /* PopUpRelationTextField.swift */ = {isa = PBXFileReference; lastKnownFileType = sourcecode.swift; path = PopUpRelationTextField.swift; sourceTree = "<group>"; };
		5754C41D2C041A17002FE306 /* SearchHistoryCell.swift */ = {isa = PBXFileReference; lastKnownFileType = sourcecode.swift; path = SearchHistoryCell.swift; sourceTree = "<group>"; };
		5788A8BB2BF347230013D6CF /* LocationData.swift */ = {isa = PBXFileReference; lastKnownFileType = sourcecode.swift; path = LocationData.swift; sourceTree = "<group>"; };
		5788A8BE2BF455550013D6CF /* MainScreenVC.swift */ = {isa = PBXFileReference; lastKnownFileType = sourcecode.swift; path = MainScreenVC.swift; sourceTree = "<group>"; };
		5788A8C02BF5F19E0013D6CF /* SearchDestinationVC.swift */ = {isa = PBXFileReference; lastKnownFileType = sourcecode.swift; path = SearchDestinationVC.swift; sourceTree = "<group>"; };
		57C76D3E2C0D4FA0002C9E5D /* startIcon.png */ = {isa = PBXFileReference; lastKnownFileType = image.png; path = startIcon.png; sourceTree = "<group>"; };
		57C76D3F2C0D4FA0002C9E5D /* arriveIcon.png */ = {isa = PBXFileReference; lastKnownFileType = image.png; path = arriveIcon.png; sourceTree = "<group>"; };
		57D2E0892C0C16EA00AE680E /* customMark.png */ = {isa = PBXFileReference; lastKnownFileType = image.png; path = customMark.png; sourceTree = "<group>"; };
		57FC784B2BC3BE5700C81CA1 /* SearchDestinationViewController.swift */ = {isa = PBXFileReference; lastKnownFileType = sourcecode.swift; path = SearchDestinationViewController.swift; sourceTree = "<group>"; };
		57FC784D2BC4F72C00C81CA1 /* NavigationDataModel.swift */ = {isa = PBXFileReference; lastKnownFileType = sourcecode.swift; path = NavigationDataModel.swift; sourceTree = "<group>"; };
		57FC784F2BC7C54C00C81CA1 /* DestinationModel.swift */ = {isa = PBXFileReference; lastKnownFileType = sourcecode.swift; path = DestinationModel.swift; sourceTree = "<group>"; };
		57FC78512BC7CED500C81CA1 /* MapViewController.swift */ = {isa = PBXFileReference; lastKnownFileType = sourcecode.swift; path = MapViewController.swift; sourceTree = "<group>"; };
		B90FFA3C2C0D6A9600BFA271 /* currentMark.png */ = {isa = PBXFileReference; lastKnownFileType = image.png; path = currentMark.png; sourceTree = "<group>"; };
		B92DDC322C076633005820BA /* TMapSDK.framework */ = {isa = PBXFileReference; lastKnownFileType = wrapper.framework; path = TMapSDK.framework; sourceTree = "<group>"; };
		B944E14D2C0B759C00ECBD4D /* yolov8v2.mlmodel */ = {isa = PBXFileReference; lastKnownFileType = file.mlmodel; path = yolov8v2.mlmodel; sourceTree = "<group>"; };
		B956CA062BCEA7C800188A09 /* WebRTCManager.swift */ = {isa = PBXFileReference; lastKnownFileType = sourcecode.swift; path = WebRTCManager.swift; sourceTree = "<group>"; };
		B962DBE22BF4AE1900F86729 /* BoundingBoxView.swift */ = {isa = PBXFileReference; fileEncoding = 4; lastKnownFileType = sourcecode.swift; path = BoundingBoxView.swift; sourceTree = "<group>"; };
		B962DBE32BF4AE1900F86729 /* ThresholdProvider.swift */ = {isa = PBXFileReference; fileEncoding = 4; lastKnownFileType = sourcecode.swift; path = ThresholdProvider.swift; sourceTree = "<group>"; };
		B97342032C0CA80900A7141B /* yolov8sv3.mlmodel */ = {isa = PBXFileReference; lastKnownFileType = file.mlmodel; path = yolov8sv3.mlmodel; sourceTree = "<group>"; };
		B9741B9A2C00CF8400E87A72 /* MiDaS.mlmodel */ = {isa = PBXFileReference; lastKnownFileType = file.mlmodel; path = MiDaS.mlmodel; sourceTree = "<group>"; };
		B9A53B012C09ED8F00C1F155 /* addRelationBtn.png */ = {isa = PBXFileReference; lastKnownFileType = image.png; path = addRelationBtn.png; sourceTree = "<group>"; };
		B9A5C3182BD6747F00EE1429 /* SignalingMessage.swift */ = {isa = PBXFileReference; lastKnownFileType = sourcecode.swift; path = SignalingMessage.swift; sourceTree = "<group>"; };
		B9CFB5EB2BC3C10C00637685 /* CameraSession.swift */ = {isa = PBXFileReference; lastKnownFileType = sourcecode.swift; path = CameraSession.swift; sourceTree = "<group>"; };
		B9D2101D2BCFD12800F61AD2 /* WebRTCClient.swift */ = {isa = PBXFileReference; lastKnownFileType = sourcecode.swift; path = WebRTCClient.swift; sourceTree = "<group>"; };
		B9D2101F2BCFD87F00F61AD2 /* Config.swift */ = {isa = PBXFileReference; lastKnownFileType = sourcecode.swift; path = Config.swift; sourceTree = "<group>"; };
/* End PBXFileReference section */

/* Begin PBXFrameworksBuildPhase section */
		5709DFEC2BB13E9200553A23 /* Frameworks */ = {
			isa = PBXFrameworksBuildPhase;
			buildActionMask = 2147483647;
			files = (
				B956CA032BCE70AA00188A09 /* WebRTCiOSSDK in Frameworks */,
				B966D3F52BBE9451004F4E98 /* Alamofire in Frameworks */,
				B92DDC362C076670005820BA /* TMapSDK.framework in Frameworks */,
			);
			runOnlyForDeploymentPostprocessing = 0;
		};
/* End PBXFrameworksBuildPhase section */

/* Begin PBXGroup section */
		5709DFE62BB13E9200553A23 = {
			isa = PBXGroup;
			children = (
				5709DFF12BB13E9200553A23 /* YellowLine */,
				5709DFF02BB13E9200553A23 /* Products */,
				B956C9FE2BCE709700188A09 /* Frameworks */,
			);
			sourceTree = "<group>";
		};
		5709DFF02BB13E9200553A23 /* Products */ = {
			isa = PBXGroup;
			children = (
				5709DFEF2BB13E9200553A23 /* YellowLine.app */,
			);
			name = Products;
			sourceTree = "<group>";
		};
		5709DFF12BB13E9200553A23 /* YellowLine */ = {
			isa = PBXGroup;
			children = (
				B92DDC322C076633005820BA /* TMapSDK.framework */,
				57253F722C057E8000FE2CCA /* TTS Model */,
				5714A1F62BFDCD7800EBCD35 /* Fonts */,
				570FC2072BF710CE00F03378 /* Cells */,
				570FC2062BF710C700F03378 /* Models */,
				5788A8C22BF6151D0013D6CF /* Assets */,
				5788A8BD2BF455020013D6CF /* UI */,
				B962DBE42BF4AE1900F86729 /* Utils */,
				B962DBDF2BF4AE0E00F86729 /* Object Detection */,
				B9D2101C2BCFD10F00F61AD2 /* WebRTCs */,
				5709DFF22BB13E9200553A23 /* AppDelegate.swift */,
				5709DFF42BB13E9200553A23 /* SceneDelegate.swift */,
				5709DFF62BB13E9200553A23 /* ViewController.swift */,
				5709DFF82BB13E9200553A23 /* Main.storyboard */,
				5709DFFB2BB13E9300553A23 /* Assets.xcassets */,
				5709DFFD2BB13E9300553A23 /* LaunchScreen.storyboard */,
				5709E0002BB13E9300553A23 /* Info.plist */,
				B9CFB5EB2BC3C10C00637685 /* CameraSession.swift */,
				B9D2101F2BCFD87F00F61AD2 /* Config.swift */,
				5788A8BB2BF347230013D6CF /* LocationData.swift */,
			);
			path = YellowLine;
			sourceTree = "<group>";
		};
		570FC2062BF710C700F03378 /* Models */ = {
			isa = PBXGroup;
			children = (
				57FC784D2BC4F72C00C81CA1 /* NavigationDataModel.swift */,
				57FC784F2BC7C54C00C81CA1 /* DestinationModel.swift */,
				5744903B2C00696D002A30BD /* ProtectedModel.swift */,
			);
			path = Models;
			sourceTree = "<group>";
		};
		570FC2072BF710CE00F03378 /* Cells */ = {
			isa = PBXGroup;
			children = (
				570FC2082BF710E200F03378 /* DestinationCell.swift */,
				574490392C006832002A30BD /* ProtectedCell.swift */,
				5754C41D2C041A17002FE306 /* SearchHistoryCell.swift */,
			);
			path = Cells;
			sourceTree = "<group>";
		};
		5714A1F62BFDCD7800EBCD35 /* Fonts */ = {
			isa = PBXGroup;
			children = (
				5739DF7B2C0CA05A00AB4ED3 /* AppleSDGothicNeoH.ttf */,
				5714A1FF2BFDD10900EBCD35 /* AppleSDGothicNeoM.ttf */,
				5714A1FA2BFDCFEC00EBCD35 /* AppleSDGothicNeoB.ttf */,
				5714A1F92BFDCFEC00EBCD35 /* AppleSDGothicNeoEB.ttf */,
				5714A1F82BFDCFEC00EBCD35 /* AppleSDGothicNeoH.ttf */,
				5714A1F72BFDCFEC00EBCD35 /* AppleSDGothicNeoL.ttf */,
			);
			path = Fonts;
			sourceTree = "<group>";
		};
		57253F722C057E8000FE2CCA /* TTS Model */ = {
			isa = PBXGroup;
			children = (
				57253F752C057FEC00FE2CCA /* TTSModelModule.swift */,
			);
			path = "TTS Model";
			sourceTree = "<group>";
		};
		5744903D2C035E70002A30BD /* PopUp */ = {
			isa = PBXGroup;
			children = (
				574490312C0027DA002A30BD /* RegisterCompletedVC.swift */,
				5744902F2BFF6DE3002A30BD /* PopUpInformVC.swift */,
				5744903E2C035EBB002A30BD /* PopUpRelationTextField.swift */,
				570FC20A2BFB115500F03378 /* SelectDestinationVC.swift */,
				573D50692C06CCC5007A42B8 /* ArrivalDestinationVC.swift */,
				573D506B2C070A7F007A42B8 /* PopUpStopNavi.swift */,
			);
			path = PopUp;
			sourceTree = "<group>";
		};
		5788A8BD2BF455020013D6CF /* UI */ = {
			isa = PBXGroup;
			children = (
				5744903D2C035E70002A30BD /* PopUp */,
				57FC78512BC7CED500C81CA1 /* MapViewController.swift */,
				57FC784B2BC3BE5700C81CA1 /* SearchDestinationViewController.swift */,
				5788A8BE2BF455550013D6CF /* MainScreenVC.swift */,
				5788A8C02BF5F19E0013D6CF /* SearchDestinationVC.swift */,
				570FC20C2BFC913F00F03378 /* LoginVC.swift */,
				5744902D2BFF66F2002A30BD /* RegisterVC.swift */,
				574490332C004754002A30BD /* ProtectorMainVC.swift */,
				573D506D2C078D01007A42B8 /* ObjectDetectionVC.swift */,
				573D506F2C079152007A42B8 /* ShowObjectDetectionVC.swift */,
				573D50712C079164007A42B8 /* ShowNavigationVC.swift */,
			);
			path = UI;
			sourceTree = "<group>";
		};
		5788A8C22BF6151D0013D6CF /* Assets */ = {
			isa = PBXGroup;
			children = (
				B90FFA3C2C0D6A9600BFA271 /* currentMark.png */,
				57C76D3F2C0D4FA0002C9E5D /* arriveIcon.png */,
				57C76D3E2C0D4FA0002C9E5D /* startIcon.png */,
				5739DF7D2C0D4B8200AB4ED3 /* naviIcon.png */,
				5739DF7C2C0D4B8200AB4ED3 /* ObjectIcon.png */,
				57D2E0892C0C16EA00AE680E /* customMark.png */,
				B9A53B012C09ED8F00C1F155 /* addRelationBtn.png */,
				573D50752C087782007A42B8 /* directionWhite.png */,
				573D50732C087735007A42B8 /* backBtnWhite.png */,
				57253F7B2C06CB4500FE2CCA /* direction2.png */,
				57253F792C06CAD100FE2CCA /* backBtn.png */,
				57253F772C06CA8600FE2CCA /* direction.png */,
				5714A1F42BFDC82A00EBCD35 /* backButton.png */,
				570FC2032BF6D4AC00F03378 /* search-icon.png */,
				570FC2012BF62C3100F03378 /* SearchNaviBar.png */,
			);
			path = Assets;
			sourceTree = "<group>";
		};
		B956C9FE2BCE709700188A09 /* Frameworks */ = {
			isa = PBXGroup;
			children = (
			);
			name = Frameworks;
			sourceTree = "<group>";
		};
		B962DBDF2BF4AE0E00F86729 /* Object Detection */ = {
			isa = PBXGroup;
			children = (
				B97342032C0CA80900A7141B /* yolov8sv3.mlmodel */,
				B944E14D2C0B759C00ECBD4D /* yolov8v2.mlmodel */,
				B9741B9A2C00CF8400E87A72 /* MiDaS.mlmodel */,
			);
			path = "Object Detection";
			sourceTree = "<group>";
		};
		B962DBE42BF4AE1900F86729 /* Utils */ = {
			isa = PBXGroup;
			children = (
				B962DBE22BF4AE1900F86729 /* BoundingBoxView.swift */,
				B962DBE32BF4AE1900F86729 /* ThresholdProvider.swift */,
			);
			name = Utils;
			path = YellowLine/Utils;
			sourceTree = SOURCE_ROOT;
		};
		B9D2101C2BCFD10F00F61AD2 /* WebRTCs */ = {
			isa = PBXGroup;
			children = (
				B956CA062BCEA7C800188A09 /* WebRTCManager.swift */,
				B9D2101D2BCFD12800F61AD2 /* WebRTCClient.swift */,
				B9A5C3182BD6747F00EE1429 /* SignalingMessage.swift */,
			);
			path = WebRTCs;
			sourceTree = "<group>";
		};
/* End PBXGroup section */

/* Begin PBXNativeTarget section */
		5709DFEE2BB13E9200553A23 /* YellowLine */ = {
			isa = PBXNativeTarget;
			buildConfigurationList = 5709E0032BB13E9300553A23 /* Build configuration list for PBXNativeTarget "YellowLine" */;
			buildPhases = (
				5709DFEB2BB13E9200553A23 /* Sources */,
				5709DFEC2BB13E9200553A23 /* Frameworks */,
				5709DFED2BB13E9200553A23 /* Resources */,
				B92DDC382C076670005820BA /* Embed Frameworks */,
			);
			buildRules = (
			);
			dependencies = (
			);
			name = YellowLine;
			packageProductDependencies = (
				B966D3F42BBE9451004F4E98 /* Alamofire */,
				B956CA022BCE70AA00188A09 /* WebRTCiOSSDK */,
			);
			productName = YellowLine;
			productReference = 5709DFEF2BB13E9200553A23 /* YellowLine.app */;
			productType = "com.apple.product-type.application";
		};
/* End PBXNativeTarget section */

/* Begin PBXProject section */
		5709DFE72BB13E9200553A23 /* Project object */ = {
			isa = PBXProject;
			attributes = {
				BuildIndependentTargetsInParallel = 1;
				LastSwiftUpdateCheck = 1530;
				LastUpgradeCheck = 1530;
				TargetAttributes = {
					5709DFEE2BB13E9200553A23 = {
						CreatedOnToolsVersion = 15.3;
					};
				};
			};
			buildConfigurationList = 5709DFEA2BB13E9200553A23 /* Build configuration list for PBXProject "YellowLine" */;
			compatibilityVersion = "Xcode 14.0";
			developmentRegion = en;
			hasScannedForEncodings = 0;
			knownRegions = (
				en,
				Base,
			);
			mainGroup = 5709DFE62BB13E9200553A23;
			packageReferences = (
				B966D3F32BBE9451004F4E98 /* XCRemoteSwiftPackageReference "Alamofire" */,
				B956CA012BCE70AA00188A09 /* XCRemoteSwiftPackageReference "WebRTC-iOS-SDK" */,
			);
			productRefGroup = 5709DFF02BB13E9200553A23 /* Products */;
			projectDirPath = "";
			projectRoot = "";
			targets = (
				5709DFEE2BB13E9200553A23 /* YellowLine */,
			);
		};
/* End PBXProject section */

/* Begin PBXResourcesBuildPhase section */
		5709DFED2BB13E9200553A23 /* Resources */ = {
			isa = PBXResourcesBuildPhase;
			buildActionMask = 2147483647;
			files = (
				B90FFA3D2C0D6A9600BFA271 /* currentMark.png in Resources */,
				5709DFFC2BB13E9300553A23 /* Assets.xcassets in Resources */,
				57C76D402C0D4FA0002C9E5D /* startIcon.png in Resources */,
				5739DF7F2C0D4B8200AB4ED3 /* naviIcon.png in Resources */,
				5714A1F52BFDC82A00EBCD35 /* backButton.png in Resources */,
				5709DFFF2BB13E9300553A23 /* Base in Resources */,
				570FC2042BF6D4AC00F03378 /* search-icon.png in Resources */,
				5709DFFA2BB13E9200553A23 /* Base in Resources */,
				5714A1FC2BFDCFEC00EBCD35 /* AppleSDGothicNeoH.ttf in Resources */,
				57D2E08A2C0C16EA00AE680E /* customMark.png in Resources */,
				5714A1FB2BFDCFEC00EBCD35 /* AppleSDGothicNeoL.ttf in Resources */,
				573D50762C087782007A42B8 /* directionWhite.png in Resources */,
				B9A53B022C09ED8F00C1F155 /* addRelationBtn.png in Resources */,
				5714A1FD2BFDCFEC00EBCD35 /* AppleSDGothicNeoEB.ttf in Resources */,
				570FC2022BF62C3100F03378 /* SearchNaviBar.png in Resources */,
				57253F782C06CA8600FE2CCA /* direction.png in Resources */,
				57253F7C2C06CB4500FE2CCA /* direction2.png in Resources */,
				5714A1FE2BFDCFEC00EBCD35 /* AppleSDGothicNeoB.ttf in Resources */,
				57253F7A2C06CAD100FE2CCA /* backBtn.png in Resources */,
				57C76D412C0D4FA0002C9E5D /* arriveIcon.png in Resources */,
				5739DF7E2C0D4B8200AB4ED3 /* ObjectIcon.png in Resources */,
				573D50742C087735007A42B8 /* backBtnWhite.png in Resources */,
				5714A2002BFDD10900EBCD35 /* AppleSDGothicNeoM.ttf in Resources */,
			);
			runOnlyForDeploymentPostprocessing = 0;
		};
/* End PBXResourcesBuildPhase section */

/* Begin PBXSourcesBuildPhase section */
		5709DFEB2BB13E9200553A23 /* Sources */ = {
			isa = PBXSourcesBuildPhase;
			buildActionMask = 2147483647;
			files = (
				B9CFB5EC2BC3C10C00637685 /* CameraSession.swift in Sources */,
				B962DBE52BF4AE1900F86729 /* BoundingBoxView.swift in Sources */,
				B962DBE62BF4AE1900F86729 /* ThresholdProvider.swift in Sources */,
				5709DFF72BB13E9200553A23 /* ViewController.swift in Sources */,
				B9D210202BCFD87F00F61AD2 /* Config.swift in Sources */,
				573D506E2C078D01007A42B8 /* ObjectDetectionVC.swift in Sources */,
				57253F762C057FEC00FE2CCA /* TTSModelModule.swift in Sources */,
				573D50702C079152007A42B8 /* ShowObjectDetectionVC.swift in Sources */,
				5744903F2C035EBB002A30BD /* PopUpRelationTextField.swift in Sources */,
				5744903C2C00696D002A30BD /* ProtectedModel.swift in Sources */,
				570FC20B2BFB115500F03378 /* SelectDestinationVC.swift in Sources */,
				B956CA072BCEA7C800188A09 /* WebRTCManager.swift in Sources */,
				5744902E2BFF66F2002A30BD /* RegisterVC.swift in Sources */,
				B9D2101E2BCFD12800F61AD2 /* WebRTCClient.swift in Sources */,
				5788A8BF2BF455550013D6CF /* MainScreenVC.swift in Sources */,
				B9741B9D2C00CF8400E87A72 /* MiDaS.mlmodel in Sources */,
				574490322C0027DA002A30BD /* RegisterCompletedVC.swift in Sources */,
				573D506A2C06CCC5007A42B8 /* ArrivalDestinationVC.swift in Sources */,
				574490302BFF6DE3002A30BD /* PopUpInformVC.swift in Sources */,
				5709DFF32BB13E9200553A23 /* AppDelegate.swift in Sources */,
				57FC78502BC7C54C00C81CA1 /* DestinationModel.swift in Sources */,
				B97342042C0CA80900A7141B /* yolov8sv3.mlmodel in Sources */,
				570FC20D2BFC913F00F03378 /* LoginVC.swift in Sources */,
				570FC2092BF710E200F03378 /* DestinationCell.swift in Sources */,
				574490342C004754002A30BD /* ProtectorMainVC.swift in Sources */,
				5709DFF52BB13E9200553A23 /* SceneDelegate.swift in Sources */,
				5744903A2C006832002A30BD /* ProtectedCell.swift in Sources */,
				B9A5C3192BD6747F00EE1429 /* SignalingMessage.swift in Sources */,
				573D50722C079164007A42B8 /* ShowNavigationVC.swift in Sources */,
				573D506C2C070A7F007A42B8 /* PopUpStopNavi.swift in Sources */,
				5788A8C12BF5F19E0013D6CF /* SearchDestinationVC.swift in Sources */,
				5754C41E2C041A17002FE306 /* SearchHistoryCell.swift in Sources */,
				57FC784C2BC3BE5700C81CA1 /* SearchDestinationViewController.swift in Sources */,
				5788A8BC2BF347230013D6CF /* LocationData.swift in Sources */,
				B944E14E2C0B759C00ECBD4D /* yolov8v2.mlmodel in Sources */,
				57FC784E2BC4F72C00C81CA1 /* NavigationDataModel.swift in Sources */,
				57FC78522BC7CED500C81CA1 /* MapViewController.swift in Sources */,
			);
			runOnlyForDeploymentPostprocessing = 0;
		};
/* End PBXSourcesBuildPhase section */

/* Begin PBXVariantGroup section */
		5709DFF82BB13E9200553A23 /* Main.storyboard */ = {
			isa = PBXVariantGroup;
			children = (
				5709DFF92BB13E9200553A23 /* Base */,
			);
			name = Main.storyboard;
			sourceTree = "<group>";
		};
		5709DFFD2BB13E9300553A23 /* LaunchScreen.storyboard */ = {
			isa = PBXVariantGroup;
			children = (
				5709DFFE2BB13E9300553A23 /* Base */,
			);
			name = LaunchScreen.storyboard;
			sourceTree = "<group>";
		};
/* End PBXVariantGroup section */

/* Begin XCBuildConfiguration section */
		5709E0012BB13E9300553A23 /* Debug */ = {
			isa = XCBuildConfiguration;
			buildSettings = {
				ALWAYS_SEARCH_USER_PATHS = NO;
				ASSETCATALOG_COMPILER_GENERATE_SWIFT_ASSET_SYMBOL_EXTENSIONS = YES;
				CLANG_ANALYZER_NONNULL = YES;
				CLANG_ANALYZER_NUMBER_OBJECT_CONVERSION = YES_AGGRESSIVE;
				CLANG_CXX_LANGUAGE_STANDARD = "gnu++20";
				CLANG_ENABLE_MODULES = YES;
				CLANG_ENABLE_OBJC_ARC = YES;
				CLANG_ENABLE_OBJC_WEAK = YES;
				CLANG_WARN_BLOCK_CAPTURE_AUTORELEASING = YES;
				CLANG_WARN_BOOL_CONVERSION = YES;
				CLANG_WARN_COMMA = YES;
				CLANG_WARN_CONSTANT_CONVERSION = YES;
				CLANG_WARN_DEPRECATED_OBJC_IMPLEMENTATIONS = YES;
				CLANG_WARN_DIRECT_OBJC_ISA_USAGE = YES_ERROR;
				CLANG_WARN_DOCUMENTATION_COMMENTS = YES;
				CLANG_WARN_EMPTY_BODY = YES;
				CLANG_WARN_ENUM_CONVERSION = YES;
				CLANG_WARN_INFINITE_RECURSION = YES;
				CLANG_WARN_INT_CONVERSION = YES;
				CLANG_WARN_NON_LITERAL_NULL_CONVERSION = YES;
				CLANG_WARN_OBJC_IMPLICIT_RETAIN_SELF = YES;
				CLANG_WARN_OBJC_LITERAL_CONVERSION = YES;
				CLANG_WARN_OBJC_ROOT_CLASS = YES_ERROR;
				CLANG_WARN_QUOTED_INCLUDE_IN_FRAMEWORK_HEADER = YES;
				CLANG_WARN_RANGE_LOOP_ANALYSIS = YES;
				CLANG_WARN_STRICT_PROTOTYPES = YES;
				CLANG_WARN_SUSPICIOUS_MOVE = YES;
				CLANG_WARN_UNGUARDED_AVAILABILITY = YES_AGGRESSIVE;
				CLANG_WARN_UNREACHABLE_CODE = YES;
				CLANG_WARN__DUPLICATE_METHOD_MATCH = YES;
				COPY_PHASE_STRIP = NO;
				DEBUG_INFORMATION_FORMAT = dwarf;
				ENABLE_STRICT_OBJC_MSGSEND = YES;
				ENABLE_TESTABILITY = YES;
				ENABLE_USER_SCRIPT_SANDBOXING = YES;
				GCC_C_LANGUAGE_STANDARD = gnu17;
				GCC_DYNAMIC_NO_PIC = NO;
				GCC_NO_COMMON_BLOCKS = YES;
				GCC_OPTIMIZATION_LEVEL = 0;
				GCC_PREPROCESSOR_DEFINITIONS = (
					"DEBUG=1",
					"$(inherited)",
				);
				GCC_WARN_64_TO_32_BIT_CONVERSION = YES;
				GCC_WARN_ABOUT_RETURN_TYPE = YES_ERROR;
				GCC_WARN_UNDECLARED_SELECTOR = YES;
				GCC_WARN_UNINITIALIZED_AUTOS = YES_AGGRESSIVE;
				GCC_WARN_UNUSED_FUNCTION = YES;
				GCC_WARN_UNUSED_VARIABLE = YES;
				IPHONEOS_DEPLOYMENT_TARGET = 17.4;
				LOCALIZATION_PREFERS_STRING_CATALOGS = YES;
				MTL_ENABLE_DEBUG_INFO = INCLUDE_SOURCE;
				MTL_FAST_MATH = YES;
				ONLY_ACTIVE_ARCH = YES;
				SDKROOT = iphoneos;
				SWIFT_ACTIVE_COMPILATION_CONDITIONS = "DEBUG $(inherited)";
				SWIFT_OPTIMIZATION_LEVEL = "-Onone";
			};
			name = Debug;
		};
		5709E0022BB13E9300553A23 /* Release */ = {
			isa = XCBuildConfiguration;
			buildSettings = {
				ALWAYS_SEARCH_USER_PATHS = NO;
				ASSETCATALOG_COMPILER_GENERATE_SWIFT_ASSET_SYMBOL_EXTENSIONS = YES;
				CLANG_ANALYZER_NONNULL = YES;
				CLANG_ANALYZER_NUMBER_OBJECT_CONVERSION = YES_AGGRESSIVE;
				CLANG_CXX_LANGUAGE_STANDARD = "gnu++20";
				CLANG_ENABLE_MODULES = YES;
				CLANG_ENABLE_OBJC_ARC = YES;
				CLANG_ENABLE_OBJC_WEAK = YES;
				CLANG_WARN_BLOCK_CAPTURE_AUTORELEASING = YES;
				CLANG_WARN_BOOL_CONVERSION = YES;
				CLANG_WARN_COMMA = YES;
				CLANG_WARN_CONSTANT_CONVERSION = YES;
				CLANG_WARN_DEPRECATED_OBJC_IMPLEMENTATIONS = YES;
				CLANG_WARN_DIRECT_OBJC_ISA_USAGE = YES_ERROR;
				CLANG_WARN_DOCUMENTATION_COMMENTS = YES;
				CLANG_WARN_EMPTY_BODY = YES;
				CLANG_WARN_ENUM_CONVERSION = YES;
				CLANG_WARN_INFINITE_RECURSION = YES;
				CLANG_WARN_INT_CONVERSION = YES;
				CLANG_WARN_NON_LITERAL_NULL_CONVERSION = YES;
				CLANG_WARN_OBJC_IMPLICIT_RETAIN_SELF = YES;
				CLANG_WARN_OBJC_LITERAL_CONVERSION = YES;
				CLANG_WARN_OBJC_ROOT_CLASS = YES_ERROR;
				CLANG_WARN_QUOTED_INCLUDE_IN_FRAMEWORK_HEADER = YES;
				CLANG_WARN_RANGE_LOOP_ANALYSIS = YES;
				CLANG_WARN_STRICT_PROTOTYPES = YES;
				CLANG_WARN_SUSPICIOUS_MOVE = YES;
				CLANG_WARN_UNGUARDED_AVAILABILITY = YES_AGGRESSIVE;
				CLANG_WARN_UNREACHABLE_CODE = YES;
				CLANG_WARN__DUPLICATE_METHOD_MATCH = YES;
				COPY_PHASE_STRIP = NO;
				DEBUG_INFORMATION_FORMAT = "dwarf-with-dsym";
				ENABLE_NS_ASSERTIONS = NO;
				ENABLE_STRICT_OBJC_MSGSEND = YES;
				ENABLE_USER_SCRIPT_SANDBOXING = YES;
				GCC_C_LANGUAGE_STANDARD = gnu17;
				GCC_NO_COMMON_BLOCKS = YES;
				GCC_WARN_64_TO_32_BIT_CONVERSION = YES;
				GCC_WARN_ABOUT_RETURN_TYPE = YES_ERROR;
				GCC_WARN_UNDECLARED_SELECTOR = YES;
				GCC_WARN_UNINITIALIZED_AUTOS = YES_AGGRESSIVE;
				GCC_WARN_UNUSED_FUNCTION = YES;
				GCC_WARN_UNUSED_VARIABLE = YES;
				IPHONEOS_DEPLOYMENT_TARGET = 17.4;
				LOCALIZATION_PREFERS_STRING_CATALOGS = YES;
				MTL_ENABLE_DEBUG_INFO = NO;
				MTL_FAST_MATH = YES;
				SDKROOT = iphoneos;
				SWIFT_COMPILATION_MODE = wholemodule;
				VALIDATE_PRODUCT = YES;
			};
			name = Release;
		};
		5709E0042BB13E9300553A23 /* Debug */ = {
			isa = XCBuildConfiguration;
			buildSettings = {
				ASSETCATALOG_COMPILER_APPICON_NAME = AppIcon;
				ASSETCATALOG_COMPILER_GLOBAL_ACCENT_COLOR_NAME = AccentColor;
				BUILD_LIBRARY_FOR_DISTRIBUTION = YES;
				CODE_SIGN_STYLE = Automatic;
				CURRENT_PROJECT_VERSION = 1;
				DEVELOPMENT_TEAM = LLKYF9URAK;
				ENABLE_TESTING_SEARCH_PATHS = YES;
				FRAMEWORK_SEARCH_PATHS = (
					"$(inherited)",
					"$(PROJECT_DIR)/YellowLine",
				);
				GENERATE_INFOPLIST_FILE = YES;
				INFOPLIST_FILE = YellowLine/Info.plist;
				INFOPLIST_KEY_NSCameraUsageDescription = "카메라접근 허용";
				INFOPLIST_KEY_NSLocationAlwaysAndWhenInUseUsageDescription = "";
				INFOPLIST_KEY_NSLocationWhenInUseUsageDescription = "";
				INFOPLIST_KEY_UIApplicationSupportsIndirectInputEvents = YES;
				INFOPLIST_KEY_UILaunchStoryboardName = LaunchScreen;
				INFOPLIST_KEY_UIMainStoryboardFile = Main;
				INFOPLIST_KEY_UISupportedInterfaceOrientations_iPad = "UIInterfaceOrientationPortrait UIInterfaceOrientationPortraitUpsideDown UIInterfaceOrientationLandscapeLeft UIInterfaceOrientationLandscapeRight";
				INFOPLIST_KEY_UISupportedInterfaceOrientations_iPhone = "UIInterfaceOrientationPortrait UIInterfaceOrientationLandscapeLeft UIInterfaceOrientationLandscapeRight";
				IPHONEOS_DEPLOYMENT_TARGET = 17.3;
				LD_RUNPATH_SEARCH_PATHS = (
					"$(inherited)",
					"@executable_path/Frameworks",
				);
				LIBRARY_SEARCH_PATHS = (
					"$(inherited)",
					"$(PROJECT_DIR)/YellowLine/TMapSDK.framework",
				);
				MARKETING_VERSION = 1.0;
				PRODUCT_BUNDLE_IDENTIFIER = com.sejong.YellowLineTest;
				PRODUCT_NAME = "$(TARGET_NAME)";
				SWIFT_EMIT_LOC_STRINGS = YES;
				SWIFT_VERSION = 5.0;
				TARGETED_DEVICE_FAMILY = "1,2";
			};
			name = Debug;
		};
		5709E0052BB13E9300553A23 /* Release */ = {
			isa = XCBuildConfiguration;
			buildSettings = {
				ASSETCATALOG_COMPILER_APPICON_NAME = AppIcon;
				ASSETCATALOG_COMPILER_GLOBAL_ACCENT_COLOR_NAME = AccentColor;
				BUILD_LIBRARY_FOR_DISTRIBUTION = YES;
				CODE_SIGN_STYLE = Manual;
				CURRENT_PROJECT_VERSION = 1;
				DEVELOPMENT_TEAM = "";
				ENABLE_TESTING_SEARCH_PATHS = YES;
				FRAMEWORK_SEARCH_PATHS = (
					"$(inherited)",
					"$(PROJECT_DIR)/YellowLine",
				);
				GENERATE_INFOPLIST_FILE = YES;
				INFOPLIST_FILE = YellowLine/Info.plist;
				INFOPLIST_KEY_NSCameraUsageDescription = "카메라접근 허용";
				INFOPLIST_KEY_NSLocationAlwaysAndWhenInUseUsageDescription = "";
				INFOPLIST_KEY_NSLocationWhenInUseUsageDescription = "";
				INFOPLIST_KEY_UIApplicationSupportsIndirectInputEvents = YES;
				INFOPLIST_KEY_UILaunchStoryboardName = LaunchScreen;
				INFOPLIST_KEY_UIMainStoryboardFile = Main;
				INFOPLIST_KEY_UISupportedInterfaceOrientations_iPad = "UIInterfaceOrientationPortrait UIInterfaceOrientationPortraitUpsideDown UIInterfaceOrientationLandscapeLeft UIInterfaceOrientationLandscapeRight";
				INFOPLIST_KEY_UISupportedInterfaceOrientations_iPhone = "UIInterfaceOrientationPortrait UIInterfaceOrientationLandscapeLeft UIInterfaceOrientationLandscapeRight";
				IPHONEOS_DEPLOYMENT_TARGET = 17.3;
				LD_RUNPATH_SEARCH_PATHS = (
					"$(inherited)",
					"@executable_path/Frameworks",
				);
				LIBRARY_SEARCH_PATHS = (
					"$(inherited)",
					"$(PROJECT_DIR)/YellowLine/TMapSDK.framework",
				);
				MARKETING_VERSION = 1.0;
				PRODUCT_BUNDLE_IDENTIFIER = com.sejong.YellowLineTest2;
				PRODUCT_NAME = "$(TARGET_NAME)";
				PROVISIONING_PROFILE_SPECIFIER = "";
				SWIFT_EMIT_LOC_STRINGS = YES;
				SWIFT_VERSION = 5.0;
				TARGETED_DEVICE_FAMILY = "1,2";
			};
			name = Release;
		};
/* End XCBuildConfiguration section */

/* Begin XCConfigurationList section */
		5709DFEA2BB13E9200553A23 /* Build configuration list for PBXProject "YellowLine" */ = {
			isa = XCConfigurationList;
			buildConfigurations = (
				5709E0012BB13E9300553A23 /* Debug */,
				5709E0022BB13E9300553A23 /* Release */,
			);
			defaultConfigurationIsVisible = 0;
			defaultConfigurationName = Release;
		};
		5709E0032BB13E9300553A23 /* Build configuration list for PBXNativeTarget "YellowLine" */ = {
			isa = XCConfigurationList;
			buildConfigurations = (
				5709E0042BB13E9300553A23 /* Debug */,
				5709E0052BB13E9300553A23 /* Release */,
			);
			defaultConfigurationIsVisible = 0;
			defaultConfigurationName = Release;
		};
/* End XCConfigurationList section */

/* Begin XCRemoteSwiftPackageReference section */
		B956CA012BCE70AA00188A09 /* XCRemoteSwiftPackageReference "WebRTC-iOS-SDK" */ = {
			isa = XCRemoteSwiftPackageReference;
			repositoryURL = "https://github.com/ant-media/WebRTC-iOS-SDK.git";
			requirement = {
				branch = master;
				kind = branch;
			};
		};
		B966D3F32BBE9451004F4E98 /* XCRemoteSwiftPackageReference "Alamofire" */ = {
			isa = XCRemoteSwiftPackageReference;
			repositoryURL = "https://github.com/Alamofire/Alamofire.git";
			requirement = {
				kind = upToNextMajorVersion;
				minimumVersion = 5.9.1;
			};
		};
/* End XCRemoteSwiftPackageReference section */

/* Begin XCSwiftPackageProductDependency section */
		B956CA022BCE70AA00188A09 /* WebRTCiOSSDK */ = {
			isa = XCSwiftPackageProductDependency;
			package = B956CA012BCE70AA00188A09 /* XCRemoteSwiftPackageReference "WebRTC-iOS-SDK" */;
			productName = WebRTCiOSSDK;
		};
		B966D3F42BBE9451004F4E98 /* Alamofire */ = {
			isa = XCSwiftPackageProductDependency;
			package = B966D3F32BBE9451004F4E98 /* XCRemoteSwiftPackageReference "Alamofire" */;
			productName = Alamofire;
		};
/* End XCSwiftPackageProductDependency section */
	};
	rootObject = 5709DFE72BB13E9200553A23 /* Project object */;
}
